
Microsoft Visual Studio Solution File, Format Version 12.00
# Visual Studio Version 16
VisualStudioVersion = 16.0.30804.86
MinimumVisualStudioVersion = 10.0.40219.1
Project("{8BC9CEB8-8B4A-11D0-8D11-00A0C91BC942}") = "informatyka_2021_projekt", "informatyka_2021_projekt.vcxproj", "{911920D3-E342-4001-B348-EB3BDBD2911B}"
EndProject
Global
	GlobalSection(SolutionConfigurationPlatforms) = preSolution
		Debug|x64 = Debug|x64
		Debug|x86 = Debug|x86
		Release|x64 = Release|x64
		Release|x86 = Release|x86
	EndGlobalSection
	GlobalSection(ProjectConfigurationPlatforms) = postSolution
		{911920D3-E342-4001-B348-EB3BDBD2911B}.Debug|x64.ActiveCfg = Debug|x64
		{911920D3-E342-4001-B348-EB3BDBD2911B}.Debug|x64.Build.0 = Debug|x64
		{911920D3-E342-4001-B348-EB3BDBD2911B}.Debug|x86.ActiveCfg = Debug|Win32
		{911920D3-E342-4001-B348-EB3BDBD2911B}.Debug|x86.Build.0 = Debug|Win32
		{911920D3-E342-4001-B348-EB3BDBD2911B}.Release|x64.ActiveCfg = Release|x64
		{911920D3-E342-4001-B348-EB3BDBD2911B}.Release|x64.Build.0 = Release|x64
		{911920D3-E342-4001-B348-EB3BDBD2911B}.Release|x86.ActiveCfg = Release|Win32
		{911920D3-E342-4001-B348-EB3BDBD2911B}.Release|x86.Build.0 = Release|Win32
	EndGlobalSection
	GlobalSection(SolutionProperties) = preSolution
		HideSolutionNode = FALSE
	EndGlobalSection
	GlobalSection(ExtensibilityGlobals) = postSolution
		SolutionGuid = {9713ACA6-614A-4761-B1A7-2A16336FDF94}
	EndGlobalSection
EndGlobal
